# Generated by pub
# See https://dart.dev/tools/pub/glossary#lockfile
packages:
  accessibility_tools:
    dependency: transitive
    description:
      name: accessibility_tools
      sha256: c29732e423175a51e0a6ace7df1255f5d77812c7c7b7101d8ba0186a43d533aa
      url: "https://pub.dev"
    source: hosted
    version: "2.8.0"
  args:
    dependency: transitive
    description:
      name: args
      sha256: d0481093c50b1da8910eb0bb301626d4d8eb7284aa739614d2b394ee09e3ea04
      url: "https://pub.dev"
    source: hosted
    version: "2.7.0"
  async:
    dependency: transitive
    description:
      name: async
      sha256: e2eb0491ba5ddb6177742d2da23904574082139b07c1e33b8503b9f46f3e1a37
      url: "https://pub.dev"
    source: hosted
    version: "2.13.1"
  auto_size_text:
    dependency: transitive
    description:
      name: auto_size_text
      sha256: "3f5261cd3fb5f2a9ab4e2fc3fba84fd9fcaac8821f20a1d4e71f557521b22599"
      url: "https://pub.dev"
    source: hosted
    version: "3.0.0"
  boolean_selector:
    dependency: transitive
    description:
      name: boolean_selector
      sha256: "8aab1771e1243a5063b8b0ff68042d67334e3feab9e95b9490f9a6ebf73b42ea"
      url: "https://pub.dev"
    source: hosted
    version: "2.1.2"
  carousel_slider:
    dependency: transitive
    description:
      name: carousel_slider
      sha256: febf4b0163e0242adc13d7a863b04965351f59e7dfea56675c7c2caa7bcd7476
      url: "https://pub.dev"
    source: hosted
    version: "5.1.2"
  characters:
    dependency: transitive
    description:
      name: characters
      sha256: faf38497bda5ead2a8c7615f4f7939df04333478bf32e4173fcb06d428b5716b
      url: "https://pub.dev"
    source: hosted
    version: "1.4.1"
  clock:
    dependency: transitive
    description:
      name: clock
      sha256: fddb70d9b5277016c77a80201021d40a2247104d9f4aa7bab7157b7e3f05b84b
      url: "https://pub.dev"
    source: hosted
    version: "1.1.2"
  collection:
    dependency: transitive
    description:
      name: collection
      sha256: "2f5709ae4d3d59dd8f7cd309b4e023046b57d8a6c82130785d2b0e5868084e76"
      url: "https://pub.dev"
    source: hosted
    version: "1.19.1"
  crypto:
    dependency: transitive
    description:
      name: crypto
      sha256: c8ea0233063ba03258fbcf2ca4d6dadfefe14f02fab57702265467a19f27fadf
      url: "https://pub.dev"
    source: hosted
    version: "3.0.7"
  csslib:
    dependency: transitive
    description:
      name: csslib
      sha256: "09bad715f418841f976c77db72d5398dc1253c21fb9c0c7f0b0b985860b2d58e"
      url: "https://pub.dev"
    source: hosted
    version: "1.0.2"
  cupertino_icons:
    dependency: "direct main"
    description:
      name: cupertino_icons
      sha256: "41e005c33bd814be4d3096aff55b1908d419fde52ca656c8c47719ec745873cd"
      url: "https://pub.dev"
    source: hosted
    version: "1.0.9"
  device_frame_plus:
    dependency: transitive
    description:
      name: device_frame_plus
      sha256: ccc94abccd4d9f0a9f19ef239001b3a59896e678ad42601371d7065889f2bf78
      url: "https://pub.dev"
    source: hosted
    version: "1.5.0"
  device_info_plus:
    dependency: transitive
    description:
      name: device_info_plus
      sha256: "98f28b42168cc509abc92f88518882fd58061ea372d7999aecc424345c7bff6a"
      url: "https://pub.dev"
    source: hosted
    version: "11.5.0"
  device_info_plus_platform_interface:
    dependency: transitive
    description:
      name: device_info_plus_platform_interface
      sha256: e1ea89119e34903dca74b883d0dd78eb762814f97fb6c76f35e9ff74d261a18f
      url: "https://pub.dev"
    source: hosted
    version: "7.0.3"
  diff_match_patch:
    dependency: transitive
    description:
      name: diff_match_patch
      sha256: "2efc9e6e8f449d0abe15be240e2c2a3bcd977c8d126cfd70598aee60af35c0a4"
      url: "https://pub.dev"
    source: hosted
    version: "0.4.1"
  ds_theme:
    dependency: "direct overridden"
    description:
      path: "output/build/flutter_ds/ds_theme"
      ref: "1.0.23"
      resolved-ref: f4c5e52a67eed2a7a8c021b6df9c6263af1b2764
      url: "git@ssh.dev.azure.com:v3/cznl/CZ/design-tokens"
    source: git
    version: "1.0.21"
  ds_theme_cz:
    dependency: "direct main"
    description:
      path: "output/build/flutter_ds/ds_theme_cz"
      ref: "1.0.23"
      resolved-ref: f4c5e52a67eed2a7a8c021b6df9c6263af1b2764
      url: "git@ssh.dev.azure.com:v3/cznl/CZ/design-tokens"
    source: git
    version: "1.0.21"
  ds_theme_just:
    dependency: transitive
    description:
      path: "output/build/flutter_ds/ds_theme_just"
      ref: "1.0.23"
      resolved-ref: f4c5e52a67eed2a7a8c021b6df9c6263af1b2764
      url: "git@ssh.dev.azure.com:v3/cznl/CZ/design-tokens"
    source: git
    version: "1.0.21"
  ds_theme_pzp:
    dependency: transitive
    description:
      path: "output/build/flutter_ds/ds_theme_pzp"
      ref: "1.0.23"
      resolved-ref: f4c5e52a67eed2a7a8c021b6df9c6263af1b2764
      url: "git@ssh.dev.azure.com:v3/cznl/CZ/design-tokens"
    source: git
    version: "1.0.21"
  extension:
    dependency: transitive
    description:
      name: extension
      sha256: "1d6cc5a2d173407284780b68fd94f2b547184d4190ca7dbf6d0bf43eb43c29d8"
      url: "https://pub.dev"
    source: hosted
    version: "1.0.0"
  fake_async:
    dependency: transitive
    description:
      name: fake_async
      sha256: "5368f224a74523e8d2e7399ea1638b37aecfca824a3cc4dfdf77bf1fa905ac44"
      url: "https://pub.dev"
    source: hosted
    version: "1.3.3"
  ffi:
    dependency: transitive
    description:
      name: ffi
      sha256: "6d7fd89431262d8f3125e81b50d3847a091d846eafcd4fdb88dd06f36d705a45"
      url: "https://pub.dev"
    source: hosted
    version: "2.2.0"
  file:
    dependency: transitive
    description:
      name: file
      sha256: a3b4f84adafef897088c160faf7dfffb7696046cb13ae90b508c2cbc95d3b8d4
      url: "https://pub.dev"
    source: hosted
    version: "7.0.1"
  fixnum:
    dependency: transitive
    description:
      name: fixnum
      sha256: b6dc7065e46c974bc7c5f143080a6764ec7a4be6da1285ececdc37be96de53be
      url: "https://pub.dev"
    source: hosted
    version: "1.1.1"
  flutter:
    dependency: "direct main"
    description: flutter
    source: sdk
    version: "0.0.0"
  flutter_deck:
    dependency: "direct main"
    description:
      name: flutter_deck
      sha256: cfb2db819b68e03bf9036ebbc11dfcbefc36930684a1ca6fa9ea9b0f711b1416
      url: "https://pub.dev"
    source: hosted
    version: "0.29.0"
  flutter_deck_client:
    dependency: transitive
    description:
      name: flutter_deck_client
      sha256: a0c2e4db2f95f17bf8b1ea709aed0c8460cc01e3ab8519ef0086e8ac3847db26
      url: "https://pub.dev"
    source: hosted
    version: "0.3.0"
  flutter_lints:
    dependency: "direct dev"
    description:
      name: flutter_lints
      sha256: "3105dc8492f6183fb076ccf1f351ac3d60564bff92e20bfc4af9cc1651f4e7e1"
      url: "https://pub.dev"
    source: hosted
    version: "6.0.0"
  flutter_localizations:
    dependency: transitive
    description: flutter
    source: sdk
    version: "0.0.0"
  flutter_svg:
    dependency: transitive
    description:
      name: flutter_svg
      sha256: "35882981abcbfb8c15b286f0cd690ff25bac12d95eff3e25ee207f37d4c42e7f"
      url: "https://pub.dev"
    source: hosted
    version: "2.3.0"
  flutter_test:
    dependency: "direct dev"
    description: flutter
    source: sdk
    version: "0.0.0"
  flutter_web_plugins:
    dependency: transitive
    description: flutter
    source: sdk
    version: "0.0.0"
  font_awesome_flutter:
    dependency: transitive
    description:
      name: font_awesome_flutter
      sha256: "09dcde8ab90ffae1a7d65ff2ef96fc62a17ad9d0ce7c127b317ded676b0d5935"
      url: "https://pub.dev"
    source: hosted
    version: "11.0.0"
  go_router:
    dependency: transitive
    description:
      name: go_router
      sha256: d7a3576cb312649eaa51f2356450aed686085fb58fcdebda5b359aa951eef7ea
      url: "https://pub.dev"
    source: hosted
    version: "17.5.0"
  html:
    dependency: transitive
    description:
      name: html
      sha256: "43b67b8f43321ab066817dfac5619596c98bb1b61624e77203bb4351785f9699"
      url: "https://pub.dev"
    source: hosted
    version: "0.15.7"
  http:
    dependency: transitive
    description:
      name: http
      sha256: "87721a4a50b19c7f1d49001e51409bddc46303966ce89a65af4f4e6004896412"
      url: "https://pub.dev"
    source: hosted
    version: "1.6.0"
  http_parser:
    dependency: transitive
    description:
      name: http_parser
      sha256: "178d74305e7866013777bab2c3d8726205dc5a4dd935297175b19a23a2e66571"
      url: "https://pub.dev"
    source: hosted
    version: "4.1.2"
  inspector:
    dependency: transitive
    description:
      name: inspector
      sha256: "60782d94c8851b0eee3ffdfea9fd43e7c37f919b54cb587e4de9da0e09d491b5"
      url: "https://pub.dev"
    source: hosted
    version: "4.0.0"
  intl:
    dependency: transitive
    description:
      name: intl
      sha256: "3df61194eb431efc39c4ceba583b95633a403f46c9fd341e550ce0bfa50e9aa5"
      url: "https://pub.dev"
    source: hosted
    version: "0.20.2"
  irondash_engine_context:
    dependency: transitive
    description:
      name: irondash_engine_context
      sha256: "2bb0bc13dfda9f5aaef8dde06ecc5feb1379f5bb387d59716d799554f3f305d7"
      url: "https://pub.dev"
    source: hosted
    version: "0.5.5"
  irondash_message_channel:
    dependency: transitive
    description:
      name: irondash_message_channel
      sha256: b4101669776509c76133b8917ab8cfc704d3ad92a8c450b92934dd8884a2f060
      url: "https://pub.dev"
    source: hosted
    version: "0.7.0"
  json_annotation:
    dependency: transitive
    description:
      name: json_annotation
      sha256: "2a743920d81b7910627f68ee2c9ac1fc0bfee32b9fc3403587d7c6791ca12f80"
      url: "https://pub.dev"
    source: hosted
    version: "4.12.0"
  leak_tracker:
    dependency: transitive
    description:
      name: leak_tracker
      sha256: "33e2e26bdd85a0112ec15400c8cbffea70d0f9c3407491f672a2fad47915e2de"
      url: "https://pub.dev"
    source: hosted
    version: "11.0.2"
  leak_tracker_flutter_testing:
    dependency: transitive
    description:
      name: leak_tracker_flutter_testing
      sha256: "1dbc140bb5a23c75ea9c4811222756104fbcd1a27173f0c34ca01e16bea473c1"
      url: "https://pub.dev"
    source: hosted
    version: "3.0.10"
  leak_tracker_testing:
    dependency: transitive
    description:
      name: leak_tracker_testing
      sha256: "8d5a2d49f4a66b49744b23b018848400d23e54caf9463f4eb20df3eb8acb2eb1"
      url: "https://pub.dev"
    source: hosted
    version: "3.0.2"
  lints:
    dependency: transitive
    description:
      name: lints
      sha256: "12f842a479589fea194fe5c5a3095abc7be0c1f2ddfa9a0e76aed1dbd26a87df"
      url: "https://pub.dev"
    source: hosted
    version: "6.1.0"
  logging:
    dependency: transitive
    description:
      name: logging
      sha256: c8245ada5f1717ed44271ed1c26b8ce85ca3228fd2ffdb75468ab01979309d61
      url: "https://pub.dev"
    source: hosted
    version: "1.3.0"
  matcher:
    dependency: transitive
    description:
      name: matcher
      sha256: dc0b7dc7651697ea4ff3e69ef44b0407ea32c487a39fff6a4004fa585e901861
      url: "https://pub.dev"
    source: hosted
    version: "0.12.19"
  material_color_utilities:
    dependency: transitive
    description:
      name: material_color_utilities
      sha256: "9c337007e82b1889149c82ed242ed1cb24a66044e30979c44912381e9be4c48b"
      url: "https://pub.dev"
    source: hosted
    version: "0.13.0"
  meta:
    dependency: transitive
    description:
      name: meta
      sha256: "1741988757a65eb6b36abe716829688cf01910bbf91c34354ff7ec1c3de2b349"
      url: "https://pub.dev"
    source: hosted
    version: "1.18.0"
  nested:
    dependency: transitive
    description:
      name: nested
      sha256: "03bac4c528c64c95c722ec99280375a6f2fc708eec17c7b3f07253b626cd2a20"
      url: "https://pub.dev"
    source: hosted
    version: "1.0.0"
  path:
    dependency: transitive
    description:
      name: path
      sha256: "75cca69d1490965be98c73ceaea117e8a04dd21217b37b292c9ddbec0d955bc5"
      url: "https://pub.dev"
    source: hosted
    version: "1.9.1"
  path_parsing:
    dependency: transitive
    description:
      name: path_parsing
      sha256: "883402936929eac138ee0a45da5b0f2c80f89913e6dc3bf77eb65b84b409c6ca"
      url: "https://pub.dev"
    source: hosted
    version: "1.1.0"
  pdfx:
    dependency: transitive
    description:
      name: pdfx
      sha256: "83bcd2b971fc2f6ee4299659c96d7d66b2ba4807748571a8a4889f1cde14b754"
      url: "https://pub.dev"
    source: hosted
    version: "2.11.0"
  petitparser:
    dependency: transitive
    description:
      name: petitparser
      sha256: "91bd59303e9f769f108f8df05e371341b15d59e995e6806aefab827b58336675"
      url: "https://pub.dev"
    source: hosted
    version: "7.0.2"
  photo_view:
    dependency: transitive
    description:
      name: photo_view
      sha256: "1fc3d970a91295fbd1364296575f854c9863f225505c28c46e0a03e48960c75e"
      url: "https://pub.dev"
    source: hosted
    version: "0.15.0"
  pixel_snap:
    dependency: transitive
    description:
      name: pixel_snap
      sha256: "677410ea37b07cd37ecb6d5e6c0d8d7615a7cf3bd92ba406fd1ac57e937d1fb0"
      url: "https://pub.dev"
    source: hosted
    version: "0.1.5"
  plugin_platform_interface:
    dependency: transitive
    description:
      name: plugin_platform_interface
      sha256: "4820fbfdb9478b1ebae27888254d445073732dae3d6ea81f0b7e06d5dedc3f02"
      url: "https://pub.dev"
    source: hosted
    version: "2.1.8"
  resizable_widget:
    dependency: transitive
    description:
      name: resizable_widget
      sha256: db2919754b93f386b9b3fb15e9f48f6c9d6d41f00a24397629133c99df86606a
      url: "https://pub.dev"
    source: hosted
    version: "1.0.5"
  screen_retriever:
    dependency: transitive
    description:
      name: screen_retriever
      sha256: ace919117a7520c13a50a6259e60c4a0d4cbe98809468792a91b5c5adada2aa6
      url: "https://pub.dev"
    source: hosted
    version: "0.2.2"
  screen_retriever_linux:
    dependency: transitive
    description:
      name: screen_retriever_linux
      sha256: "7b52006a5ceae1f3d5af7f77188c3290d6e7d8ded16d99809bea84967c65c257"
      url: "https://pub.dev"
    source: hosted
    version: "0.2.2"
  screen_retriever_macos:
    dependency: transitive
    description:
      name: screen_retriever_macos
      sha256: a1489b99cce597c45a54b9aae1cd94c8d4705353b7e0bb2457a6e4de44e0ad8a
      url: "https://pub.dev"
    source: hosted
    version: "0.2.2"
  screen_retriever_platform_interface:
    dependency: transitive
    description:
      name: screen_retriever_platform_interface
      sha256: "94a5535277510a63184ca178ce12a1449bc0b38618879aa1c18bf57369c5064a"
      url: "https://pub.dev"
    source: hosted
    version: "0.2.2"
  screen_retriever_windows:
    dependency: transitive
    description:
      name: screen_retriever_windows
      sha256: dafc6922b0bfbf1d48cf3ccbf519b4fff47bdcb820da1728ea6db675fecc9324
      url: "https://pub.dev"
    source: hosted
    version: "0.2.2"
  scroll_to_index:
    dependency: transitive
    description:
      name: scroll_to_index
      sha256: b707546e7500d9f070d63e5acf74fd437ec7eeeb68d3412ef7b0afada0b4f176
      url: "https://pub.dev"
    source: hosted
    version: "3.0.1"
  shared_components:
    dependency: "direct main"
    description:
      path: "../CZ-Online-Apps-ServiceApp/plugins/shared_components"
      relative: true
    source: path
    version: "1.0.0"
  sky_engine:
    dependency: transitive
    description: flutter
    source: sdk
    version: "0.0.0"
  source_span:
    dependency: transitive
    description:
      name: source_span
      sha256: "56a02f1f4cd1a2d96303c0144c93bd6d909eea6bee6bf5a0e0b685edbd4c47ab"
      url: "https://pub.dev"
    source: hosted
    version: "1.10.2"
  stack_trace:
    dependency: transitive
    description:
      name: stack_trace
      sha256: "8b27215b45d22309b5cddda1aa2b19bdfec9df0e765f2de506401c071d38d1b1"
      url: "https://pub.dev"
    source: hosted
    version: "1.12.1"
  stream_channel:
    dependency: transitive
    description:
      name: stream_channel
      sha256: "969e04c80b8bcdf826f8f16579c7b14d780458bd97f56d107d3950fdbeef059d"
      url: "https://pub.dev"
    source: hosted
    version: "2.1.4"
  string_scanner:
    dependency: transitive
    description:
      name: string_scanner
      sha256: "921cd31725b72fe181906c6a94d987c78e3b98c2e205b397ea399d4054872b43"
      url: "https://pub.dev"
    source: hosted
    version: "1.4.1"
  super_clipboard:
    dependency: transitive
    description:
      name: super_clipboard
      sha256: e73f3bb7e66cc9260efa1dc507f979138e7e106c3521e2dda2d0311f6d728a16
      url: "https://pub.dev"
    source: hosted
    version: "0.9.1"
  super_native_extensions:
    dependency: transitive
    description:
      name: super_native_extensions
      sha256: b9611dcb68f1047d6f3ef11af25e4e68a21b1a705bbcc3eb8cb4e9f5c3148569
      url: "https://pub.dev"
    source: hosted
    version: "0.9.1"
  synchronized:
    dependency: transitive
    description:
      name: synchronized
      sha256: "397b146f97613b83d84bdccb439bc8d0f3aebb6c1d14a9641e6f24201c490b2d"
      url: "https://pub.dev"
    source: hosted
    version: "3.4.2"
  syntax_highlight:
    dependency: transitive
    description:
      name: syntax_highlight
      sha256: "4d3ba40658cadba6ba55d697f29f00b43538ebb6eb4a0ca0e895c568eaced138"
      url: "https://pub.dev"
    source: hosted
    version: "0.5.0"
  term_glyph:
    dependency: transitive
    description:
      name: term_glyph
      sha256: "7f554798625ea768a7518313e58f83891c7f5024f88e46e7182a4558850a4b8e"
      url: "https://pub.dev"
    source: hosted
    version: "1.2.2"
  test_api:
    dependency: transitive
    description:
      name: test_api
      sha256: "949a932224383300f01be9221c39180316445ecb8e7547f70a41a35bf421fb9e"
      url: "https://pub.dev"
    source: hosted
    version: "0.7.11"
  typed_data:
    dependency: transitive
    description:
      name: typed_data
      sha256: f9049c039ebfeb4cf7a7104a675823cd72dba8297f264b6637062516699fa006
      url: "https://pub.dev"
    source: hosted
    version: "1.4.0"
  universal_platform:
    dependency: transitive
    description:
      name: universal_platform
      sha256: "64e16458a0ea9b99260ceb5467a214c1f298d647c659af1bff6d3bf82536b1ec"
      url: "https://pub.dev"
    source: hosted
    version: "1.1.0"
  url_launcher:
    dependency: transitive
    description:
      name: url_launcher
      sha256: f6a7e5c4835bb4e3026a04793a4199ca2d14c739ec378fdfe23fc8075d0439f8
      url: "https://pub.dev"
    source: hosted
    version: "6.3.2"
  url_launcher_android:
    dependency: transitive
    description:
      name: url_launcher_android
      sha256: "611e87fb320b70d1dd721dc46af89c98aceccea9b31fde49e084591414e0c610"
      url: "https://pub.dev"
    source: hosted
    version: "6.3.33"
  url_launcher_ios:
    dependency: transitive
    description:
      name: url_launcher_ios
      sha256: "8faa1aab294f1ab4040b43660c887b0418d5fa4f0cffef76a484e6aa1092eb4a"
      url: "https://pub.dev"
    source: hosted
    version: "6.4.2"
  url_launcher_linux:
    dependency: transitive
    description:
      name: url_launcher_linux
      sha256: "10f86fef4c2c43563fa6c211ff9cf757adf4d3ab762c56bd430664a947d70cd0"
      url: "https://pub.dev"
    source: hosted
    version: "3.2.3"
  url_launcher_macos:
    dependency: transitive
    description:
      name: url_launcher_macos
      sha256: "5e835a3b869c2d70325349c81c5a45c28e20791265b67b2669da6b08c5cd5201"
      url: "https://pub.dev"
    source: hosted
    version: "3.2.6"
  url_launcher_platform_interface:
    dependency: transitive
    description:
      name: url_launcher_platform_interface
      sha256: "552f8a1e663569be95a8190206a38187b531910283c3e982193e4f2733f01029"
      url: "https://pub.dev"
    source: hosted
    version: "2.3.2"
  url_launcher_web:
    dependency: transitive
    description:
      name: url_launcher_web
      sha256: "85c81589622fbc87c1c683aaea164d3604a7777495a79d91e39ffcdec39ddb34"
      url: "https://pub.dev"
    source: hosted
    version: "2.4.3"
  url_launcher_windows:
    dependency: transitive
    description:
      name: url_launcher_windows
      sha256: "6c5ad3f22cd4c38e089b81963b3cd7bb83b111b2df5dce008bb066162f42e429"
      url: "https://pub.dev"
    source: hosted
    version: "3.1.6"
  uuid:
    dependency: transitive
    description:
      name: uuid
      sha256: "9b129329f58692f6e6578329498a8fe9fbe98f090beb764ffbb8ee2eadd01dcd"
      url: "https://pub.dev"
    source: hosted
    version: "4.6.0"
  vector_graphics:
    dependency: transitive
    description:
      name: vector_graphics
      sha256: "9d0e3b9cb16542ad660daee871e726a10d13a93b7b5391677c3160e8f5e83935"
      url: "https://pub.dev"
    source: hosted
    version: "1.2.3"
  vector_graphics_codec:
    dependency: transitive
    description:
      name: vector_graphics_codec
      sha256: "99fd9fbd34d9f9a32efd7b6a6aae14125d8237b10403b422a6a6dfeac2806146"
      url: "https://pub.dev"
    source: hosted
    version: "1.1.13"
  vector_graphics_compiler:
    dependency: transitive
    description:
      name: vector_graphics_compiler
      sha256: "4dca4feb77dc3ec7f6e27e49c53241eb8217f55e4f9b12599a27f8903bca5682"
      url: "https://pub.dev"
    source: hosted
    version: "1.3.0"
  vector_math:
    dependency: transitive
    description:
      name: vector_math
      sha256: d530bd74fea330e6e364cda7a85019c434070188383e1cd8d9777ee586914c5b
      url: "https://pub.dev"
    source: hosted
    version: "2.2.0"
  vm_service:
    dependency: transitive
    description:
      name: vm_service
      sha256: "5f37239c4851efcef929cea7824e76df7f2f0970aef85d66bbc430afa40e72f0"
      url: "https://pub.dev"
    source: hosted
    version: "15.3.0"
  web:
    dependency: transitive
    description:
      name: web
      sha256: "868d88a33d8a87b18ffc05f9f030ba328ffefba92d6c127917a2ba740f9cfe4a"
      url: "https://pub.dev"
    source: hosted
    version: "1.1.1"
  widgetbook:
    dependency: transitive
    description:
      name: widgetbook
      sha256: "88b10102d294d0bec64ca294c81f15b1a620ce66df950067ff8f89274f1c95e8"
      url: "https://pub.dev"
    source: hosted
    version: "3.25.0"
  widgetbook_annotation:
    dependency: transitive
    description:
      name: widgetbook_annotation
      sha256: ec98130f23579f14e304b6b45516612676ae4e0b0e6bb1debe9dba4ea604ab42
      url: "https://pub.dev"
    source: hosted
    version: "3.11.0"
  widgetbook_app:
    dependency: "direct main"
    description:
      path: "../CZ-Online-Apps-ServiceApp/widgetbook_app"
      relative: true
    source: path
    version: "1.0.0+1"
  win32:
    dependency: transitive
    description:
      name: win32
      sha256: d7cb55e04cd34096cd3a79b3330245f54cb96a370a1c27adb3c84b917de8b08e
      url: "https://pub.dev"
    source: hosted
    version: "5.15.0"
  win32_registry:
    dependency: transitive
    description:
      name: win32_registry
      sha256: "6f1b564492d0147b330dd794fee8f512cec4977957f310f9951b5f9d83618dae"
      url: "https://pub.dev"
    source: hosted
    version: "2.1.0"
  window_manager:
    dependency: transitive
    description:
      name: window_manager
      sha256: "05c231fd7b23d2380f14c5cc10b7b93d60d4fa4a2fb4e0f032de27e44b5560e9"
      url: "https://pub.dev"
    source: hosted
    version: "0.5.2"
  xml:
    dependency: transitive
    description:
      name: xml
      sha256: "67f0aff7be013d107995e9b75bf4e7f2c3ef2dfdb2c8e68024bba0a7fd5756a4"
      url: "https://pub.dev"
    source: hosted
    version: "7.0.1"
sdks:
  dart: ">=3.12.2 <4.0.0"
  flutter: ">=3.44.0"
